
Microsoft Visual Studio Solution File, Format Version 12.00
# Visual Studio Version 16
VisualStudioVersion = 16.0.31205.134
MinimumVisualStudioVersion = 10.0.40219.1
Project("{8BC9CEB8-8B4A-11D0-8D11-00A0C91BC942}") = "Practica 9", "Practica 9\Practica 9.vcxproj", "{DE42180A-9F84-404A-8D43-FBD2A9FD3DD0}"
EndProject
Global
	GlobalSection(SolutionConfigurationPlatforms) = preSolution
		Debug|x64 = Debug|x64
		Debug|x86 = Debug|x86
		Release|x64 = Release|x64
		Release|x86 = Release|x86
	EndGlobalSection
	GlobalSection(ProjectConfigurationPlatforms) = postSolution
		{DE42180A-9F84-404A-8D43-FBD2A9FD3DD0}.Debug|x64.ActiveCfg = Debug|x64
		{DE42180A-9F84-404A-8D43-FBD2A9FD3DD0}.Debug|x64.Build.0 = Debug|x64
		{DE42180A-9F84-404A-8D43-FBD2A9FD3DD0}.Debug|x86.ActiveCfg = Debug|Win32
		{DE42180A-9F84-404A-8D43-FBD2A9FD3DD0}.Debug|x86.Build.0 = Debug|Win32
		{DE42180A-9F84-404A-8D43-FBD2A9FD3DD0}.Release|x64.ActiveCfg = Release|x64
		{DE42180A-9F84-404A-8D43-FBD2A9FD3DD0}.Release|x64.Build.0 = Release|x64
		{DE42180A-9F84-404A-8D43-FBD2A9FD3DD0}.Release|x86.ActiveCfg = Release|Win32
		{DE42180A-9F84-404A-8D43-FBD2A9FD3DD0}.Release|x86.Build.0 = Release|Win32
	EndGlobalSection
	GlobalSection(SolutionProperties) = preSolution
		HideSolutionNode = FALSE
	EndGlobalSection
	GlobalSection(ExtensibilityGlobals) = postSolution
		SolutionGuid = {96D45707-FCC8-4A90-8A55-21FDE763D7DA}
	EndGlobalSection
EndGlobal
